
Microsoft Visual Studio Solution File, Format Version 12.00
# Visual Studio 14
VisualStudioVersion = 14.0.25420.1
MinimumVisualStudioVersion = 10.0.40219.1
Project("{FAE04EC0-301F-11D3-BF4B-00C04F79EFBC}") = "TheLabyrinth", "TheLabyrinth\TheLabyrinth.csproj", "{9F4BEA05-65EF-4861-9917-81C07A22C3E4}"
EndProject
Project("{FAE04EC0-301F-11D3-BF4B-00C04F79EFBC}") = "GenericPuzzleRunner", "GenericPuzzleRunner\GenericPuzzleRunner.csproj", "{EDF82544-5118-421B-8D10-C672C41651A7}"
EndProject
Project("{FAE04EC0-301F-11D3-BF4B-00C04F79EFBC}") = "TeadsChallenge", "TeadsChallenge\TeadsChallenge.csproj", "{F6E94A34-6E2D-427C-9735-038E57034DC0}"
EndProject
Global
	GlobalSection(SolutionConfigurationPlatforms) = preSolution
		Debug|Any CPU = Debug|Any CPU
		Release|Any CPU = Release|Any CPU
	EndGlobalSection
	GlobalSection(ProjectConfigurationPlatforms) = postSolution
		{9F4BEA05-65EF-4861-9917-81C07A22C3E4}.Debug|Any CPU.ActiveCfg = Debug|Any CPU
		{9F4BEA05-65EF-4861-9917-81C07A22C3E4}.Debug|Any CPU.Build.0 = Debug|Any CPU
		{9F4BEA05-65EF-4861-9917-81C07A22C3E4}.Release|Any CPU.ActiveCfg = Release|Any CPU
		{9F4BEA05-65EF-4861-9917-81C07A22C3E4}.Release|Any CPU.Build.0 = Release|Any CPU
		{EDF82544-5118-421B-8D10-C672C41651A7}.Debug|Any CPU.ActiveCfg = Debug|Any CPU
		{EDF82544-5118-421B-8D10-C672C41651A7}.Debug|Any CPU.Build.0 = Debug|Any CPU
		{EDF82544-5118-421B-8D10-C672C41651A7}.Release|Any CPU.ActiveCfg = Release|Any CPU
		{EDF82544-5118-421B-8D10-C672C41651A7}.Release|Any CPU.Build.0 = Release|Any CPU
		{F6E94A34-6E2D-427C-9735-038E57034DC0}.Debug|Any CPU.ActiveCfg = Debug|Any CPU
		{F6E94A34-6E2D-427C-9735-038E57034DC0}.Debug|Any CPU.Build.0 = Debug|Any CPU
		{F6E94A34-6E2D-427C-9735-038E57034DC0}.Release|Any CPU.ActiveCfg = Release|Any CPU
		{F6E94A34-6E2D-427C-9735-038E57034DC0}.Release|Any CPU.Build.0 = Release|Any CPU
	EndGlobalSection
	GlobalSection(SolutionProperties) = preSolution
		HideSolutionNode = FALSE
	EndGlobalSection
EndGlobal
